// !$*UTF8*$!
{
	archiveVersion = 1;
	classes = {
	};
	objectVersion = 46;
	objects = {

/* Begin PBXBuildFile section */
		3B8B95DF6E4E84F91ECD4F51 /* libPods-PinterestPreview.a in Frameworks */ = {isa = PBXBuildFile; fileRef = 34242286D99AE07C46016FA7 /* libPods-PinterestPreview.a */; };
		59A6C4D91D8E4AD20085CF61 /* main.m in Sources */ = {isa = PBXBuildFile; fileRef = 59A6C4D81D8E4AD20085CF61 /* main.m */; };
		59A6C4DC1D8E4AD20085CF61 /* AppDelegate.m in Sources */ = {isa = PBXBuildFile; fileRef = 59A6C4DB1D8E4AD20085CF61 /* AppDelegate.m */; };
		59A6C4E21D8E4AD20085CF61 /* Main.storyboard in Resources */ = {isa = PBXBuildFile; fileRef = 59A6C4E01D8E4AD20085CF61 /* Main.storyboard */; };
		59A6C4E41D8E4AD20085CF61 /* Assets.xcassets in Resources */ = {isa = PBXBuildFile; fileRef = 59A6C4E31D8E4AD20085CF61 /* Assets.xcassets */; };
		59A6C4E71D8E4AD20085CF61 /* LaunchScreen.storyboard in Resources */ = {isa = PBXBuildFile; fileRef = 59A6C4E51D8E4AD20085CF61 /* LaunchScreen.storyboard */; };
		59A6C4F11D8E4C5D0085CF61 /* FCCollectionViewController.m in Sources */ = {isa = PBXBuildFile; fileRef = 59A6C4F01D8E4C5D0085CF61 /* FCCollectionViewController.m */; };
		59A6C4F51D8E600E0085CF61 /* FCPinterestLayout.m in Sources */ = {isa = PBXBuildFile; fileRef = 59A6C4F41D8E600E0085CF61 /* FCPinterestLayout.m */; };
		59A6C4F91D8E66EE0085CF61 /* FCPinterestLayoutAttributes.m in Sources */ = {isa = PBXBuildFile; fileRef = 59A6C4F81D8E66EE0085CF61 /* FCPinterestLayoutAttributes.m */; };
		59A6C4FD1D8EB2420085CF61 /* FCCollectionViewCell.m in Sources */ = {isa = PBXBuildFile; fileRef = 59A6C4FC1D8EB2420085CF61 /* FCCollectionViewCell.m */; };
		59A6C5031D8F07490085CF61 /* FCImage.m in Sources */ = {isa = PBXBuildFile; fileRef = 59A6C5001D8F07490085CF61 /* FCImage.m */; };
		59A6C5041D8F07490085CF61 /* FCJSonRequest.m in Sources */ = {isa = PBXBuildFile; fileRef = 59A6C5021D8F07490085CF61 /* FCJSonRequest.m */; };
		59A6C5071D8F075F0085CF61 /* FCVisualItem.m in Sources */ = {isa = PBXBuildFile; fileRef = 59A6C5061D8F075F0085CF61 /* FCVisualItem.m */; };
/* End PBXBuildFile section */

/* Begin PBXFileReference section */
		34242286D99AE07C46016FA7 /* libPods-PinterestPreview.a */ = {isa = PBXFileReference; explicitFileType = archive.ar; includeInIndex = 0; path = "libPods-PinterestPreview.a"; sourceTree = BUILT_PRODUCTS_DIR; };
		59A6C4D41D8E4AD20085CF61 /* PinterestPreview.app */ = {isa = PBXFileReference; explicitFileType = wrapper.application; includeInIndex = 0; path = PinterestPreview.app; sourceTree = BUILT_PRODUCTS_DIR; };
		59A6C4D81D8E4AD20085CF61 /* main.m */ = {isa = PBXFileReference; lastKnownFileType = sourcecode.c.objc; path = main.m; sourceTree = "<group>"; };
		59A6C4DA1D8E4AD20085CF61 /* AppDelegate.h */ = {isa = PBXFileReference; lastKnownFileType = sourcecode.c.h; path = AppDelegate.h; sourceTree = "<group>"; };
		59A6C4DB1D8E4AD20085CF61 /* AppDelegate.m */ = {isa = PBXFileReference; lastKnownFileType = sourcecode.c.objc; path = AppDelegate.m; sourceTree = "<group>"; };
		59A6C4E11D8E4AD20085CF61 /* Base */ = {isa = PBXFileReference; lastKnownFileType = file.storyboard; name = Base; path = Base.lproj/Main.storyboard; sourceTree = "<group>"; };
		59A6C4E31D8E4AD20085CF61 /* Assets.xcassets */ = {isa = PBXFileReference; lastKnownFileType = folder.assetcatalog; path = Assets.xcassets; sourceTree = "<group>"; };
		59A6C4E61D8E4AD20085CF61 /* Base */ = {isa = PBXFileReference; lastKnownFileType = file.storyboard; name = Base; path = Base.lproj/LaunchScreen.storyboard; sourceTree = "<group>"; };
		59A6C4E81D8E4AD20085CF61 /* Info.plist */ = {isa = PBXFileReference; lastKnownFileType = text.plist.xml; path = Info.plist; sourceTree = "<group>"; };
		59A6C4EF1D8E4C5D0085CF61 /* FCCollectionViewController.h */ = {isa = PBXFileReference; fileEncoding = 4; lastKnownFileType = sourcecode.c.h; path = FCCollectionViewController.h; sourceTree = "<group>"; };
		59A6C4F01D8E4C5D0085CF61 /* FCCollectionViewController.m */ = {isa = PBXFileReference; fileEncoding = 4; lastKnownFileType = sourcecode.c.objc; path = FCCollectionViewController.m; sourceTree = "<group>"; };
		59A6C4F31D8E600E0085CF61 /* FCPinterestLayout.h */ = {isa = PBXFileReference; fileEncoding = 4; lastKnownFileType = sourcecode.c.h; path = FCPinterestLayout.h; sourceTree = "<group>"; };
		59A6C4F41D8E600E0085CF61 /* FCPinterestLayout.m */ = {isa = PBXFileReference; fileEncoding = 4; lastKnownFileType = sourcecode.c.objc; path = FCPinterestLayout.m; sourceTree = "<group>"; };
		59A6C4F61D8E608C0085CF61 /* FCPinterestLayoutDelegate.h */ = {isa = PBXFileReference; lastKnownFileType = sourcecode.c.h; path = FCPinterestLayoutDelegate.h; sourceTree = "<group>"; };
		59A6C4F71D8E66EE0085CF61 /* FCPinterestLayoutAttributes.h */ = {isa = PBXFileReference; fileEncoding = 4; lastKnownFileType = sourcecode.c.h; path = FCPinterestLayoutAttributes.h; sourceTree = "<group>"; };
		59A6C4F81D8E66EE0085CF61 /* FCPinterestLayoutAttributes.m */ = {isa = PBXFileReference; fileEncoding = 4; lastKnownFileType = sourcecode.c.objc; path = FCPinterestLayoutAttributes.m; sourceTree = "<group>"; };
		59A6C4FB1D8EB2420085CF61 /* FCCollectionViewCell.h */ = {isa = PBXFileReference; fileEncoding = 4; lastKnownFileType = sourcecode.c.h; path = FCCollectionViewCell.h; sourceTree = "<group>"; };
		59A6C4FC1D8EB2420085CF61 /* FCCollectionViewCell.m */ = {isa = PBXFileReference; fileEncoding = 4; lastKnownFileType = sourcecode.c.objc; path = FCCollectionViewCell.m; sourceTree = "<group>"; };
		59A6C4FF1D8F07490085CF61 /* FCImage.h */ = {isa = PBXFileReference; fileEncoding = 4; lastKnownFileType = sourcecode.c.h; path = FCImage.h; sourceTree = "<group>"; };
		59A6C5001D8F07490085CF61 /* FCImage.m */ = {isa = PBXFileReference; fileEncoding = 4; lastKnownFileType = sourcecode.c.objc; path = FCImage.m; sourceTree = "<group>"; };
		59A6C5011D8F07490085CF61 /* FCJSonRequest.h */ = {isa = PBXFileReference; fileEncoding = 4; lastKnownFileType = sourcecode.c.h; path = FCJSonRequest.h; sourceTree = "<group>"; };
		59A6C5021D8F07490085CF61 /* FCJSonRequest.m */ = {isa = PBXFileReference; fileEncoding = 4; lastKnownFileType = sourcecode.c.objc; path = FCJSonRequest.m; sourceTree = "<group>"; };
		59A6C5051D8F075F0085CF61 /* FCVisualItem.h */ = {isa = PBXFileReference; fileEncoding = 4; lastKnownFileType = sourcecode.c.h; path = FCVisualItem.h; sourceTree = "<group>"; };
		59A6C5061D8F075F0085CF61 /* FCVisualItem.m */ = {isa = PBXFileReference; fileEncoding = 4; lastKnownFileType = sourcecode.c.objc; path = FCVisualItem.m; sourceTree = "<group>"; };
		83A5744E13B4375F1C22D837 /* Pods-PinterestPreview.release.xcconfig */ = {isa = PBXFileReference; includeInIndex = 1; lastKnownFileType = text.xcconfig; name = "Pods-PinterestPreview.release.xcconfig"; path = "Pods/Target Support Files/Pods-PinterestPreview/Pods-PinterestPreview.release.xcconfig"; sourceTree = "<group>"; };
		F43C69D3399E91837F273EE3 /* Pods-PinterestPreview.debug.xcconfig */ = {isa = PBXFileReference; includeInIndex = 1; lastKnownFileType = text.xcconfig; name = "Pods-PinterestPreview.debug.xcconfig"; path = "Pods/Target Support Files/Pods-PinterestPreview/Pods-PinterestPreview.debug.xcconfig"; sourceTree = "<group>"; };
/* End PBXFileReference section */

/* Begin PBXFrameworksBuildPhase section */
		59A6C4D11D8E4AD20085CF61 /* Frameworks */ = {
			isa = PBXFrameworksBuildPhase;
			buildActionMask = 2147483647;
			files = (
				3B8B95DF6E4E84F91ECD4F51 /* libPods-PinterestPreview.a in Frameworks */,
			);
			runOnlyForDeploymentPostprocessing = 0;
		};
/* End PBXFrameworksBuildPhase section */

/* Begin PBXGroup section */
		59A6C4CB1D8E4AD20085CF61 = {
			isa = PBXGroup;
			children = (
				59A6C4D61D8E4AD20085CF61 /* PinterestPreview */,
				59A6C4D51D8E4AD20085CF61 /* Products */,
				5BFB3AE3CC2B2086506AA6A6 /* Pods */,
				698363EACB3968C31219F3CD /* Frameworks */,
			);
			sourceTree = "<group>";
		};
		59A6C4D51D8E4AD20085CF61 /* Products */ = {
			isa = PBXGroup;
			children = (
				59A6C4D41D8E4AD20085CF61 /* PinterestPreview.app */,
			);
			name = Products;
			sourceTree = "<group>";
		};
		59A6C4D61D8E4AD20085CF61 /* PinterestPreview */ = {
			isa = PBXGroup;
			children = (
				59A6C4FE1D8F05D90085CF61 /* Model */,
				59A6C4FA1D8EB1E70085CF61 /* View */,
				59A6C4F21D8E5FC70085CF61 /* Layout */,
				59A6C4EE1D8E4B8D0085CF61 /* Controllers */,
				59A6C4DA1D8E4AD20085CF61 /* AppDelegate.h */,
				59A6C4DB1D8E4AD20085CF61 /* AppDelegate.m */,
				59A6C4E01D8E4AD20085CF61 /* Main.storyboard */,
				59A6C4E31D8E4AD20085CF61 /* Assets.xcassets */,
				59A6C4E51D8E4AD20085CF61 /* LaunchScreen.storyboard */,
				59A6C4E81D8E4AD20085CF61 /* Info.plist */,
				59A6C4D71D8E4AD20085CF61 /* Supporting Files */,
			);
			path = PinterestPreview;
			sourceTree = "<group>";
		};
		59A6C4D71D8E4AD20085CF61 /* Supporting Files */ = {
			isa = PBXGroup;
			children = (
				59A6C4D81D8E4AD20085CF61 /* main.m */,
			);
			name = "Supporting Files";
			sourceTree = "<group>";
		};
		59A6C4EE1D8E4B8D0085CF61 /* Controllers */ = {
			isa = PBXGroup;
			children = (
				59A6C4EF1D8E4C5D0085CF61 /* FCCollectionViewController.h */,
				59A6C4F01D8E4C5D0085CF61 /* FCCollectionViewController.m */,
			);
			name = Controllers;
			sourceTree = "<group>";
		};
		59A6C4F21D8E5FC70085CF61 /* Layout */ = {
			isa = PBXGroup;
			children = (
				59A6C4F31D8E600E0085CF61 /* FCPinterestLayout.h */,
				59A6C4F41D8E600E0085CF61 /* FCPinterestLayout.m */,
				59A6C4F61D8E608C0085CF61 /* FCPinterestLayoutDelegate.h */,
				59A6C4F71D8E66EE0085CF61 /* FCPinterestLayoutAttributes.h */,
				59A6C4F81D8E66EE0085CF61 /* FCPinterestLayoutAttributes.m */,
			);
			name = Layout;
			sourceTree = "<group>";
		};
		59A6C4FA1D8EB1E70085CF61 /* View */ = {
			isa = PBXGroup;
			children = (
				59A6C4FB1D8EB2420085CF61 /* FCCollectionViewCell.h */,
				59A6C4FC1D8EB2420085CF61 /* FCCollectionViewCell.m */,
			);
			name = View;
			sourceTree = "<group>";
		};
		59A6C4FE1D8F05D90085CF61 /* Model */ = {
			isa = PBXGroup;
			children = (
				59A6C5051D8F075F0085CF61 /* FCVisualItem.h */,
				59A6C5061D8F075F0085CF61 /* FCVisualItem.m */,
				59A6C4FF1D8F07490085CF61 /* FCImage.h */,
				59A6C5001D8F07490085CF61 /* FCImage.m */,
				59A6C5011D8F07490085CF61 /* FCJSonRequest.h */,
				59A6C5021D8F07490085CF61 /* FCJSonRequest.m */,
			);
			name = Model;
			sourceTree = "<group>";
		};
		5BFB3AE3CC2B2086506AA6A6 /* Pods */ = {
			isa = PBXGroup;
			children = (
				F43C69D3399E91837F273EE3 /* Pods-PinterestPreview.debug.xcconfig */,
				83A5744E13B4375F1C22D837 /* Pods-PinterestPreview.release.xcconfig */,
			);
			name = Pods;
			sourceTree = "<group>";
		};
		698363EACB3968C31219F3CD /* Frameworks */ = {
			isa = PBXGroup;
			children = (
				34242286D99AE07C46016FA7 /* libPods-PinterestPreview.a */,
			);
			name = Frameworks;
			sourceTree = "<group>";
		};
/* End PBXGroup section */

/* Begin PBXNativeTarget section */
		59A6C4D31D8E4AD20085CF61 /* PinterestPreview */ = {
			isa = PBXNativeTarget;
			buildConfigurationList = 59A6C4EB1D8E4AD20085CF61 /* Build configuration list for PBXNativeTarget "PinterestPreview" */;
			buildPhases = (
				555FC9403C6BCD027E7ED42E /* [CP] Check Pods Manifest.lock */,
				59A6C4D01D8E4AD20085CF61 /* Sources */,
				59A6C4D11D8E4AD20085CF61 /* Frameworks */,
				59A6C4D21D8E4AD20085CF61 /* Resources */,
				0A800E88FDE606CFE3C2B0FA /* [CP] Embed Pods Frameworks */,
				031F3D5B73B4709B32D846AF /* [CP] Copy Pods Resources */,
			);
			buildRules = (
			);
			dependencies = (
			);
			name = PinterestPreview;
			productName = PinterestPreview;
			productReference = 59A6C4D41D8E4AD20085CF61 /* PinterestPreview.app */;
			productType = "com.apple.product-type.application";
		};
/* End PBXNativeTarget section */

/* Begin PBXProject section */
		59A6C4CC1D8E4AD20085CF61 /* Project object */ = {
			isa = PBXProject;
			attributes = {
				LastUpgradeCheck = 0730;
				ORGANIZATIONNAME = temrov;
				TargetAttributes = {
					59A6C4D31D8E4AD20085CF61 = {
						CreatedOnToolsVersion = 7.3.1;
					};
				};
			};
			buildConfigurationList = 59A6C4CF1D8E4AD20085CF61 /* Build configuration list for PBXProject "PinterestPreview" */;
			compatibilityVersion = "Xcode 3.2";
			developmentRegion = English;
			hasScannedForEncodings = 0;
			knownRegions = (
				en,
				Base,
			);
			mainGroup = 59A6C4CB1D8E4AD20085CF61;
			productRefGroup = 59A6C4D51D8E4AD20085CF61 /* Products */;
			projectDirPath = "";
			projectRoot = "";
			targets = (
				59A6C4D31D8E4AD20085CF61 /* PinterestPreview */,
			);
		};
/* End PBXProject section */

/* Begin PBXResourcesBuildPhase section */
		59A6C4D21D8E4AD20085CF61 /* Resources */ = {
			isa = PBXResourcesBuildPhase;
			buildActionMask = 2147483647;
			files = (
				59A6C4E71D8E4AD20085CF61 /* LaunchScreen.storyboard in Resources */,
				59A6C4E41D8E4AD20085CF61 /* Assets.xcassets in Resources */,
				59A6C4E21D8E4AD20085CF61 /* Main.storyboard in Resources */,
			);
			runOnlyForDeploymentPostprocessing = 0;
		};
/* End PBXResourcesBuildPhase section */

/* Begin PBXShellScriptBuildPhase section */
		031F3D5B73B4709B32D846AF /* [CP] Copy Pods Resources */ = {
			isa = PBXShellScriptBuildPhase;
			buildActionMask = 2147483647;
			files = (
			);
			inputPaths = (
			);
			name = "[CP] Copy Pods Resources";
			outputPaths = (
			);
			runOnlyForDeploymentPostprocessing = 0;
			shellPath = /bin/sh;
			shellScript = "\"${SRCROOT}/Pods/Target Support Files/Pods-PinterestPreview/Pods-PinterestPreview-resources.sh\"\n";
			showEnvVarsInLog = 0;
		};
		0A800E88FDE606CFE3C2B0FA /* [CP] Embed Pods Frameworks */ = {
			isa = PBXShellScriptBuildPhase;
			buildActionMask = 2147483647;
			files = (
			);
			inputPaths = (
			);
			name = "[CP] Embed Pods Frameworks";
			outputPaths = (
			);
			runOnlyForDeploymentPostprocessing = 0;
			shellPath = /bin/sh;
			shellScript = "\"${SRCROOT}/Pods/Target Support Files/Pods-PinterestPreview/Pods-PinterestPreview-frameworks.sh\"\n";
			showEnvVarsInLog = 0;
		};
		555FC9403C6BCD027E7ED42E /* [CP] Check Pods Manifest.lock */ = {
			isa = PBXShellScriptBuildPhase;
			buildActionMask = 2147483647;
			files = (
			);
			inputPaths = (
			);
			name = "[CP] Check Pods Manifest.lock";
			outputPaths = (
			);
			runOnlyForDeploymentPostprocessing = 0;
			shellPath = /bin/sh;
			shellScript = "diff \"${PODS_ROOT}/../Podfile.lock\" \"${PODS_ROOT}/Manifest.lock\" > /dev/null\nif [[ $? != 0 ]] ; then\n    cat << EOM\nerror: The sandbox is not in sync with the Podfile.lock. Run 'pod install' or update your CocoaPods installation.\nEOM\n    exit 1\nfi\n";
			showEnvVarsInLog = 0;
		};
/* End PBXShellScriptBuildPhase section */

/* Begin PBXSourcesBuildPhase section */
		59A6C4D01D8E4AD20085CF61 /* Sources */ = {
			isa = PBXSourcesBuildPhase;
			buildActionMask = 2147483647;
			files = (
				59A6C4F11D8E4C5D0085CF61 /* FCCollectionViewController.m in Sources */,
				59A6C4FD1D8EB2420085CF61 /* FCCollectionViewCell.m in Sources */,
				59A6C4DC1D8E4AD20085CF61 /* AppDelegate.m in Sources */,
				59A6C4D91D8E4AD20085CF61 /* main.m in Sources */,
				59A6C4F51D8E600E0085CF61 /* FCPinterestLayout.m in Sources */,
				59A6C5031D8F07490085CF61 /* FCImage.m in Sources */,
				59A6C5071D8F075F0085CF61 /* FCVisualItem.m in Sources */,
				59A6C5041D8F07490085CF61 /* FCJSonRequest.m in Sources */,
				59A6C4F91D8E66EE0085CF61 /* FCPinterestLayoutAttributes.m in Sources */,
			);
			runOnlyForDeploymentPostprocessing = 0;
		};
/* End PBXSourcesBuildPhase section */

/* Begin PBXVariantGroup section */
		59A6C4E01D8E4AD20085CF61 /* Main.storyboard */ = {
			isa = PBXVariantGroup;
			children = (
				59A6C4E11D8E4AD20085CF61 /* Base */,
			);
			name = Main.storyboard;
			sourceTree = "<group>";
		};
		59A6C4E51D8E4AD20085CF61 /* LaunchScreen.storyboard */ = {
			isa = PBXVariantGroup;
			children = (
				59A6C4E61D8E4AD20085CF61 /* Base */,
			);
			name = LaunchScreen.storyboard;
			sourceTree = "<group>";
		};
/* End PBXVariantGroup section */

/* Begin XCBuildConfiguration section */
		59A6C4E91D8E4AD20085CF61 /* Debug */ = {
			isa = XCBuildConfiguration;
			buildSettings = {
				ALWAYS_SEARCH_USER_PATHS = NO;
				CLANG_ANALYZER_NONNULL = YES;
				CLANG_CXX_LANGUAGE_STANDARD = "gnu++0x";
				CLANG_CXX_LIBRARY = "libc++";
				CLANG_ENABLE_MODULES = YES;
				CLANG_ENABLE_OBJC_ARC = YES;
				CLANG_WARN_BOOL_CONVERSION = YES;
				CLANG_WARN_CONSTANT_CONVERSION = YES;
				CLANG_WARN_DIRECT_OBJC_ISA_USAGE = YES_ERROR;
				CLANG_WARN_EMPTY_BODY = YES;
				CLANG_WARN_ENUM_CONVERSION = YES;
				CLANG_WARN_INT_CONVERSION = YES;
				CLANG_WARN_OBJC_ROOT_CLASS = YES_ERROR;
				CLANG_WARN_UNREACHABLE_CODE = YES;
				CLANG_WARN__DUPLICATE_METHOD_MATCH = YES;
				"CODE_SIGN_IDENTITY[sdk=iphoneos*]" = "iPhone Developer";
				COPY_PHASE_STRIP = NO;
				DEBUG_INFORMATION_FORMAT = dwarf;
				ENABLE_STRICT_OBJC_MSGSEND = YES;
				ENABLE_TESTABILITY = YES;
				GCC_C_LANGUAGE_STANDARD = gnu99;
				GCC_DYNAMIC_NO_PIC = NO;
				GCC_NO_COMMON_BLOCKS = YES;
				GCC_OPTIMIZATION_LEVEL = 0;
				GCC_PREPROCESSOR_DEFINITIONS = (
					"DEBUG=1",
					"$(inherited)",
				);
				GCC_WARN_64_TO_32_BIT_CONVERSION = YES;
				GCC_WARN_ABOUT_RETURN_TYPE = YES_ERROR;
				GCC_WARN_UNDECLARED_SELECTOR = YES;
				GCC_WARN_UNINITIALIZED_AUTOS = YES_AGGRESSIVE;
				GCC_WARN_UNUSED_FUNCTION = YES;
				GCC_WARN_UNUSED_VARIABLE = YES;
				IPHONEOS_DEPLOYMENT_TARGET = 9.3;
				MTL_ENABLE_DEBUG_INFO = YES;
				ONLY_ACTIVE_ARCH = YES;
				SDKROOT = iphoneos;
				TARGETED_DEVICE_FAMILY = "1,2";
			};
			name = Debug;
		};
		59A6C4EA1D8E4AD20085CF61 /* Release */ = {
			isa = XCBuildConfiguration;
			buildSettings = {
				ALWAYS_SEARCH_USER_PATHS = NO;
				CLANG_ANALYZER_NONNULL = YES;
				CLANG_CXX_LANGUAGE_STANDARD = "gnu++0x";
				CLANG_CXX_LIBRARY = "libc++";
				CLANG_ENABLE_MODULES = YES;
				CLANG_ENABLE_OBJC_ARC = YES;
				CLANG_WARN_BOOL_CONVERSION = YES;
				CLANG_WARN_CONSTANT_CONVERSION = YES;
				CLANG_WARN_DIRECT_OBJC_ISA_USAGE = YES_ERROR;
				CLANG_WARN_EMPTY_BODY = YES;
				CLANG_WARN_ENUM_CONVERSION = YES;
				CLANG_WARN_INT_CONVERSION = YES;
				CLANG_WARN_OBJC_ROOT_CLASS = YES_ERROR;
				CLANG_WARN_UNREACHABLE_CODE = YES;
				CLANG_WARN__DUPLICATE_METHOD_MATCH = YES;
				"CODE_SIGN_IDENTITY[sdk=iphoneos*]" = "iPhone Developer";
				COPY_PHASE_STRIP = NO;
				DEBUG_INFORMATION_FORMAT = "dwarf-with-dsym";
				ENABLE_NS_ASSERTIONS = NO;
				ENABLE_STRICT_OBJC_MSGSEND = YES;
				GCC_C_LANGUAGE_STANDARD = gnu99;
				GCC_NO_COMMON_BLOCKS = YES;
				GCC_WARN_64_TO_32_BIT_CONVERSION = YES;
				GCC_WARN_ABOUT_RETURN_TYPE = YES_ERROR;
				GCC_WARN_UNDECLARED_SELECTOR = YES;
				GCC_WARN_UNINITIALIZED_AUTOS = YES_AGGRESSIVE;
				GCC_WARN_UNUSED_FUNCTION = YES;
				GCC_WARN_UNUSED_VARIABLE = YES;
				IPHONEOS_DEPLOYMENT_TARGET = 9.3;
				MTL_ENABLE_DEBUG_INFO = NO;
				SDKROOT = iphoneos;
				TARGETED_DEVICE_FAMILY = "1,2";
				VALIDATE_PRODUCT = YES;
			};
			name = Release;
		};
		59A6C4EC1D8E4AD20085CF61 /* Debug */ = {
			isa = XCBuildConfiguration;
			baseConfigurationReference = F43C69D3399E91837F273EE3 /* Pods-PinterestPreview.debug.xcconfig */;
			buildSettings = {
				ASSETCATALOG_COMPILER_APPICON_NAME = AppIcon;
				INFOPLIST_FILE = PinterestPreview/Info.plist;
				LD_RUNPATH_SEARCH_PATHS = "$(inherited) @executable_path/Frameworks";
				PRODUCT_BUNDLE_IDENTIFIER = Peer.PinterestPreview;
				PRODUCT_NAME = "$(TARGET_NAME)";
			};
			name = Debug;
		};
		59A6C4ED1D8E4AD20085CF61 /* Release */ = {
			isa = XCBuildConfiguration;
			baseConfigurationReference = 83A5744E13B4375F1C22D837 /* Pods-PinterestPreview.release.xcconfig */;
			buildSettings = {
				ASSETCATALOG_COMPILER_APPICON_NAME = AppIcon;
				INFOPLIST_FILE = PinterestPreview/Info.plist;
				LD_RUNPATH_SEARCH_PATHS = "$(inherited) @executable_path/Frameworks";
				PRODUCT_BUNDLE_IDENTIFIER = Peer.PinterestPreview;
				PRODUCT_NAME = "$(TARGET_NAME)";
			};
			name = Release;
		};
/* End XCBuildConfiguration section */

/* Begin XCConfigurationList section */
		59A6C4CF1D8E4AD20085CF61 /* Build configuration list for PBXProject "PinterestPreview" */ = {
			isa = XCConfigurationList;
			buildConfigurations = (
				59A6C4E91D8E4AD20085CF61 /* Debug */,
				59A6C4EA1D8E4AD20085CF61 /* Release */,
			);
			defaultConfigurationIsVisible = 0;
			defaultConfigurationName = Release;
		};
		59A6C4EB1D8E4AD20085CF61 /* Build configuration list for PBXNativeTarget "PinterestPreview" */ = {
			isa = XCConfigurationList;
			buildConfigurations = (
				59A6C4EC1D8E4AD20085CF61 /* Debug */,
				59A6C4ED1D8E4AD20085CF61 /* Release */,
			);
			defaultConfigurationIsVisible = 0;
			defaultConfigurationName = Release;
		};
/* End XCConfigurationList section */
	};
	rootObject = 59A6C4CC1D8E4AD20085CF61 /* Project object */;
}
